
Microsoft Visual Studio Solution File, Format Version 12.00
# Visual Studio Version 17
VisualStudioVersion = 17.0.32014.148
MinimumVisualStudioVersion = 10.0.40219.1
Project("{9A19103F-16F7-4668-BE54-9A1E7A4F7556}") = "KMD.Identity.TestApplications.SAML.MVCCore", "KMD.Identity.TestApplications.SAML.MVCCore\KMD.Identity.TestApplications.SAML.MVCCore.csproj", "{3A81330E-B49B-4A23-AC03-ACD4DA7ADF8D}"
EndProject
Project("{9A19103F-16F7-4668-BE54-9A1E7A4F7556}") = "KMD.Identity.TestApplications.OpenID.MVCCore", "KMD.Identity.TestApplications.OpenID.MVCCore\KMD.Identity.TestApplications.OpenID.MVCCore.csproj", "{B2A4DC32-86C9-416C-9F09-5252CC4C8C13}"
EndProject
Project("{9A19103F-16F7-4668-BE54-9A1E7A4F7556}") = "KMD.Identity.TestApplications.OpenID.API", "KMD.Identity.TestApplications.OpenID.API\KMD.Identity.TestApplications.OpenID.API.csproj", "{1B45368A-C27C-4404-BECE-1C01DE62C727}"
EndProject
Project("{9A19103F-16F7-4668-BE54-9A1E7A4F7556}") = "KMD.Identity.TestApplications.MainPage", "KMD.Identity.TestApplications.MainPage\KMD.Identity.TestApplications.MainPage.csproj", "{4A31AC28-1E98-4F2C-B5DF-4333ABF16AE2}"
EndProject
Project("{9A19103F-16F7-4668-BE54-9A1E7A4F7556}") = "KMD.Identity.TestApplications.OpenID.Angular", "KMD.Identity.TestApplications.OpenID.Angular\KMD.Identity.TestApplications.OpenID.Angular.csproj", "{9126E4BB-A27E-4209-8A42-89149AC6921D}"
EndProject
Project("{FAE04EC0-301F-11D3-BF4B-00C04F79EFBC}") = "KMD.Identity.TestApplications.OpenID.WinForms", "KMD.Identity.TestApplications.OpenID.WinForms\KMD.Identity.TestApplications.OpenID.WinForms.csproj", "{A811920F-E007-4355-B155-E602E6361D2A}"
EndProject
Project("{FAE04EC0-301F-11D3-BF4B-00C04F79EFBC}") = "KMD.Identity.TestApplications.OpenID.MAUI", "KMD.Identity.TestApplications.OpenID.MAUI\KMD.Identity.TestApplications.OpenID.MAUI.csproj", "{4A30282E-0DA0-486F-915C-B0DC850098A2}"
EndProject
Global
	GlobalSection(SolutionConfigurationPlatforms) = preSolution
		Debug|Any CPU = Debug|Any CPU
		Release|Any CPU = Release|Any CPU
	EndGlobalSection
	GlobalSection(ProjectConfigurationPlatforms) = postSolution
		{3A81330E-B49B-4A23-AC03-ACD4DA7ADF8D}.Debug|Any CPU.ActiveCfg = Debug|Any CPU
		{3A81330E-B49B-4A23-AC03-ACD4DA7ADF8D}.Debug|Any CPU.Build.0 = Debug|Any CPU
		{3A81330E-B49B-4A23-AC03-ACD4DA7ADF8D}.Release|Any CPU.ActiveCfg = Release|Any CPU
		{3A81330E-B49B-4A23-AC03-ACD4DA7ADF8D}.Release|Any CPU.Build.0 = Release|Any CPU
		{B2A4DC32-86C9-416C-9F09-5252CC4C8C13}.Debug|Any CPU.ActiveCfg = Debug|Any CPU
		{B2A4DC32-86C9-416C-9F09-5252CC4C8C13}.Debug|Any CPU.Build.0 = Debug|Any CPU
		{B2A4DC32-86C9-416C-9F09-5252CC4C8C13}.Release|Any CPU.ActiveCfg = Release|Any CPU
		{B2A4DC32-86C9-416C-9F09-5252CC4C8C13}.Release|Any CPU.Build.0 = Release|Any CPU
		{1B45368A-C27C-4404-BECE-1C01DE62C727}.Debug|Any CPU.ActiveCfg = Debug|Any CPU
		{1B45368A-C27C-4404-BECE-1C01DE62C727}.Debug|Any CPU.Build.0 = Debug|Any CPU
		{1B45368A-C27C-4404-BECE-1C01DE62C727}.Release|Any CPU.ActiveCfg = Release|Any CPU
		{1B45368A-C27C-4404-BECE-1C01DE62C727}.Release|Any CPU.Build.0 = Release|Any CPU
		{4A31AC28-1E98-4F2C-B5DF-4333ABF16AE2}.Debug|Any CPU.ActiveCfg = Debug|Any CPU
		{4A31AC28-1E98-4F2C-B5DF-4333ABF16AE2}.Debug|Any CPU.Build.0 = Debug|Any CPU
		{4A31AC28-1E98-4F2C-B5DF-4333ABF16AE2}.Release|Any CPU.ActiveCfg = Release|Any CPU
		{4A31AC28-1E98-4F2C-B5DF-4333ABF16AE2}.Release|Any CPU.Build.0 = Release|Any CPU
		{9126E4BB-A27E-4209-8A42-89149AC6921D}.Debug|Any CPU.ActiveCfg = Debug|Any CPU
		{9126E4BB-A27E-4209-8A42-89149AC6921D}.Debug|Any CPU.Build.0 = Debug|Any CPU
		{9126E4BB-A27E-4209-8A42-89149AC6921D}.Release|Any CPU.ActiveCfg = Release|Any CPU
		{9126E4BB-A27E-4209-8A42-89149AC6921D}.Release|Any CPU.Build.0 = Release|Any CPU
		{A811920F-E007-4355-B155-E602E6361D2A}.Debug|Any CPU.ActiveCfg = Debug|Any CPU
		{A811920F-E007-4355-B155-E602E6361D2A}.Debug|Any CPU.Build.0 = Debug|Any CPU
		{A811920F-E007-4355-B155-E602E6361D2A}.Release|Any CPU.ActiveCfg = Release|Any CPU
		{A811920F-E007-4355-B155-E602E6361D2A}.Release|Any CPU.Build.0 = Release|Any CPU
		{4A30282E-0DA0-486F-915C-B0DC850098A2}.Debug|Any CPU.ActiveCfg = Debug|Any CPU
		{4A30282E-0DA0-486F-915C-B0DC850098A2}.Debug|Any CPU.Build.0 = Debug|Any CPU
		{4A30282E-0DA0-486F-915C-B0DC850098A2}.Debug|Any CPU.Deploy.0 = Debug|Any CPU
		{4A30282E-0DA0-486F-915C-B0DC850098A2}.Release|Any CPU.ActiveCfg = Release|Any CPU
		{4A30282E-0DA0-486F-915C-B0DC850098A2}.Release|Any CPU.Build.0 = Release|Any CPU
		{4A30282E-0DA0-486F-915C-B0DC850098A2}.Release|Any CPU.Deploy.0 = Release|Any CPU
	EndGlobalSection
	GlobalSection(SolutionProperties) = preSolution
		HideSolutionNode = FALSE
	EndGlobalSection
	GlobalSection(ExtensibilityGlobals) = postSolution
		SolutionGuid = {8DBAE0CE-F90C-4E8E-A3C6-68CDCB3DF5E0}
	EndGlobalSection
EndGlobal
